
Microsoft Visual Studio Solution File, Format Version 12.00
# Visual Studio Version 17
VisualStudioVersion = 17.0.31903.59
MinimumVisualStudioVersion = 10.0.40219.1
Project("{2150E333-8FDC-42A3-9474-1A3956D46DE8}") = "src", "src", "{827E0CD3-B72D-47B6-A68D-7590B98EB39B}"
EndProject
Project("{FAE04EC0-301F-11D3-BF4B-00C04F79EFBC}") = "SuperCricket.Game", "src\SuperCricket.Game\SuperCricket.Game.csproj", "{3A43DA2A-8FB6-4F12-A283-85CCDEACCDCE}"
EndProject
Project("{FAE04EC0-301F-11D3-BF4B-00C04F79EFBC}") = "SuperCricket.Simulation", "src\SuperCricket.Simulation\SuperCricket.Simulation.csproj", "{FCB6E45F-39AE-4F6C-8CD8-2B71A3F4DED0}"
EndProject
Project("{FAE04EC0-301F-11D3-BF4B-00C04F79EFBC}") = "SuperCricket.Tools", "src\SuperCricket.Tools\SuperCricket.Tools.csproj", "{7DAE27F6-85A3-4FF9-905B-35866FD1A2E3}"
EndProject
Project("{FAE04EC0-301F-11D3-BF4B-00C04F79EFBC}") = "SuperCricket.Content", "src\SuperCricket.Content\SuperCricket.Content.csproj", "{250EC3E3-022F-4F35-82FC-DB50BF921A5A}"
EndProject
Project("{2150E333-8FDC-42A3-9474-1A3956D46DE8}") = "tests", "tests", "{0AB3BF05-4346-4AA6-1389-037BE0695223}"
EndProject
Project("{FAE04EC0-301F-11D3-BF4B-00C04F79EFBC}") = "SuperCricket.Simulation.Tests", "tests\SuperCricket.Simulation.Tests\SuperCricket.Simulation.Tests.csproj", "{F1EDCD00-8AF7-4692-97A9-8741F20B8154}"
EndProject
Project("{FAE04EC0-301F-11D3-BF4B-00C04F79EFBC}") = "SuperCricket.Game.Tests", "tests\SuperCricket.Game.Tests\SuperCricket.Game.Tests.csproj", "{3F58AE90-9682-4ABF-894B-88B90C7A0343}"
EndProject
Project("{FAE04EC0-301F-11D3-BF4B-00C04F79EFBC}") = "SuperCricket.Content.Tests", "tests\SuperCricket.Content.Tests\SuperCricket.Content.Tests.csproj", "{58B33B9B-842C-4AB1-AE8A-D717E9D31156}"
EndProject
Global
	GlobalSection(SolutionConfigurationPlatforms) = preSolution
		Debug|Any CPU = Debug|Any CPU
		Debug|x64 = Debug|x64
		Debug|x86 = Debug|x86
		Release|Any CPU = Release|Any CPU
		Release|x64 = Release|x64
		Release|x86 = Release|x86
	EndGlobalSection
	GlobalSection(ProjectConfigurationPlatforms) = postSolution
		{3A43DA2A-8FB6-4F12-A283-85CCDEACCDCE}.Debug|Any CPU.ActiveCfg = Debug|Any CPU
		{3A43DA2A-8FB6-4F12-A283-85CCDEACCDCE}.Debug|Any CPU.Build.0 = Debug|Any CPU
		{3A43DA2A-8FB6-4F12-A283-85CCDEACCDCE}.Debug|x64.ActiveCfg = Debug|Any CPU
		{3A43DA2A-8FB6-4F12-A283-85CCDEACCDCE}.Debug|x64.Build.0 = Debug|Any CPU
		{3A43DA2A-8FB6-4F12-A283-85CCDEACCDCE}.Debug|x86.ActiveCfg = Debug|Any CPU
		{3A43DA2A-8FB6-4F12-A283-85CCDEACCDCE}.Debug|x86.Build.0 = Debug|Any CPU
		{3A43DA2A-8FB6-4F12-A283-85CCDEACCDCE}.Release|Any CPU.ActiveCfg = Release|Any CPU
		{3A43DA2A-8FB6-4F12-A283-85CCDEACCDCE}.Release|Any CPU.Build.0 = Release|Any CPU
		{3A43DA2A-8FB6-4F12-A283-85CCDEACCDCE}.Release|x64.ActiveCfg = Release|Any CPU
		{3A43DA2A-8FB6-4F12-A283-85CCDEACCDCE}.Release|x64.Build.0 = Release|Any CPU
		{3A43DA2A-8FB6-4F12-A283-85CCDEACCDCE}.Release|x86.ActiveCfg = Release|Any CPU
		{3A43DA2A-8FB6-4F12-A283-85CCDEACCDCE}.Release|x86.Build.0 = Release|Any CPU
		{FCB6E45F-39AE-4F6C-8CD8-2B71A3F4DED0}.Debug|Any CPU.ActiveCfg = Debug|Any CPU
		{FCB6E45F-39AE-4F6C-8CD8-2B71A3F4DED0}.Debug|Any CPU.Build.0 = Debug|Any CPU
		{FCB6E45F-39AE-4F6C-8CD8-2B71A3F4DED0}.Debug|x64.ActiveCfg = Debug|Any CPU
		{FCB6E45F-39AE-4F6C-8CD8-2B71A3F4DED0}.Debug|x64.Build.0 = Debug|Any CPU
		{FCB6E45F-39AE-4F6C-8CD8-2B71A3F4DED0}.Debug|x86.ActiveCfg = Debug|Any CPU
		{FCB6E45F-39AE-4F6C-8CD8-2B71A3F4DED0}.Debug|x86.Build.0 = Debug|Any CPU
		{FCB6E45F-39AE-4F6C-8CD8-2B71A3F4DED0}.Release|Any CPU.ActiveCfg = Release|Any CPU
		{FCB6E45F-39AE-4F6C-8CD8-2B71A3F4DED0}.Release|Any CPU.Build.0 = Release|Any CPU
		{FCB6E45F-39AE-4F6C-8CD8-2B71A3F4DED0}.Release|x64.ActiveCfg = Release|Any CPU
		{FCB6E45F-39AE-4F6C-8CD8-2B71A3F4DED0}.Release|x64.Build.0 = Release|Any CPU
		{FCB6E45F-39AE-4F6C-8CD8-2B71A3F4DED0}.Release|x86.ActiveCfg = Release|Any CPU
		{FCB6E45F-39AE-4F6C-8CD8-2B71A3F4DED0}.Release|x86.Build.0 = Release|Any CPU
		{7DAE27F6-85A3-4FF9-905B-35866FD1A2E3}.Debug|Any CPU.ActiveCfg = Debug|Any CPU
		{7DAE27F6-85A3-4FF9-905B-35866FD1A2E3}.Debug|Any CPU.Build.0 = Debug|Any CPU
		{7DAE27F6-85A3-4FF9-905B-35866FD1A2E3}.Debug|x64.ActiveCfg = Debug|Any CPU
		{7DAE27F6-85A3-4FF9-905B-35866FD1A2E3}.Debug|x64.Build.0 = Debug|Any CPU
		{7DAE27F6-85A3-4FF9-905B-35866FD1A2E3}.Debug|x86.ActiveCfg = Debug|Any CPU
		{7DAE27F6-85A3-4FF9-905B-35866FD1A2E3}.Debug|x86.Build.0 = Debug|Any CPU
		{7DAE27F6-85A3-4FF9-905B-35866FD1A2E3}.Release|Any CPU.ActiveCfg = Release|Any CPU
		{7DAE27F6-85A3-4FF9-905B-35866FD1A2E3}.Release|Any CPU.Build.0 = Release|Any CPU
		{7DAE27F6-85A3-4FF9-905B-35866FD1A2E3}.Release|x64.ActiveCfg = Release|Any CPU
		{7DAE27F6-85A3-4FF9-905B-35866FD1A2E3}.Release|x64.Build.0 = Release|Any CPU
		{7DAE27F6-85A3-4FF9-905B-35866FD1A2E3}.Release|x86.ActiveCfg = Release|Any CPU
		{7DAE27F6-85A3-4FF9-905B-35866FD1A2E3}.Release|x86.Build.0 = Release|Any CPU
		{250EC3E3-022F-4F35-82FC-DB50BF921A5A}.Debug|Any CPU.ActiveCfg = Debug|Any CPU
		{250EC3E3-022F-4F35-82FC-DB50BF921A5A}.Debug|Any CPU.Build.0 = Debug|Any CPU
		{250EC3E3-022F-4F35-82FC-DB50BF921A5A}.Debug|x64.ActiveCfg = Debug|Any CPU
		{250EC3E3-022F-4F35-82FC-DB50BF921A5A}.Debug|x64.Build.0 = Debug|Any CPU
		{250EC3E3-022F-4F35-82FC-DB50BF921A5A}.Debug|x86.ActiveCfg = Debug|Any CPU
		{250EC3E3-022F-4F35-82FC-DB50BF921A5A}.Debug|x86.Build.0 = Debug|Any CPU
		{250EC3E3-022F-4F35-82FC-DB50BF921A5A}.Release|Any CPU.ActiveCfg = Release|Any CPU
		{250EC3E3-022F-4F35-82FC-DB50BF921A5A}.Release|Any CPU.Build.0 = Release|Any CPU
		{250EC3E3-022F-4F35-82FC-DB50BF921A5A}.Release|x64.ActiveCfg = Release|Any CPU
		{250EC3E3-022F-4F35-82FC-DB50BF921A5A}.Release|x64.Build.0 = Release|Any CPU
		{250EC3E3-022F-4F35-82FC-DB50BF921A5A}.Release|x86.ActiveCfg = Release|Any CPU
		{250EC3E3-022F-4F35-82FC-DB50BF921A5A}.Release|x86.Build.0 = Release|Any CPU
		{F1EDCD00-8AF7-4692-97A9-8741F20B8154}.Debug|Any CPU.ActiveCfg = Debug|Any CPU
		{F1EDCD00-8AF7-4692-97A9-8741F20B8154}.Debug|Any CPU.Build.0 = Debug|Any CPU
		{F1EDCD00-8AF7-4692-97A9-8741F20B8154}.Debug|x64.ActiveCfg = Debug|Any CPU
		{F1EDCD00-8AF7-4692-97A9-8741F20B8154}.Debug|x64.Build.0 = Debug|Any CPU
		{F1EDCD00-8AF7-4692-97A9-8741F20B8154}.Debug|x86.ActiveCfg = Debug|Any CPU
		{F1EDCD00-8AF7-4692-97A9-8741F20B8154}.Debug|x86.Build.0 = Debug|Any CPU
		{F1EDCD00-8AF7-4692-97A9-8741F20B8154}.Release|Any CPU.ActiveCfg = Release|Any CPU
		{F1EDCD00-8AF7-4692-97A9-8741F20B8154}.Release|Any CPU.Build.0 = Release|Any CPU
		{F1EDCD00-8AF7-4692-97A9-8741F20B8154}.Release|x64.ActiveCfg = Release|Any CPU
		{F1EDCD00-8AF7-4692-97A9-8741F20B8154}.Release|x64.Build.0 = Release|Any CPU
		{F1EDCD00-8AF7-4692-97A9-8741F20B8154}.Release|x86.ActiveCfg = Release|Any CPU
		{F1EDCD00-8AF7-4692-97A9-8741F20B8154}.Release|x86.Build.0 = Release|Any CPU
		{3F58AE90-9682-4ABF-894B-88B90C7A0343}.Debug|Any CPU.ActiveCfg = Debug|Any CPU
		{3F58AE90-9682-4ABF-894B-88B90C7A0343}.Debug|Any CPU.Build.0 = Debug|Any CPU
		{3F58AE90-9682-4ABF-894B-88B90C7A0343}.Debug|x64.ActiveCfg = Debug|Any CPU
		{3F58AE90-9682-4ABF-894B-88B90C7A0343}.Debug|x64.Build.0 = Debug|Any CPU
		{3F58AE90-9682-4ABF-894B-88B90C7A0343}.Debug|x86.ActiveCfg = Debug|Any CPU
		{3F58AE90-9682-4ABF-894B-88B90C7A0343}.Debug|x86.Build.0 = Debug|Any CPU
		{3F58AE90-9682-4ABF-894B-88B90C7A0343}.Release|Any CPU.ActiveCfg = Release|Any CPU
		{3F58AE90-9682-4ABF-894B-88B90C7A0343}.Release|Any CPU.Build.0 = Release|Any CPU
		{3F58AE90-9682-4ABF-894B-88B90C7A0343}.Release|x64.ActiveCfg = Release|Any CPU
		{3F58AE90-9682-4ABF-894B-88B90C7A0343}.Release|x64.Build.0 = Release|Any CPU
		{3F58AE90-9682-4ABF-894B-88B90C7A0343}.Release|x86.ActiveCfg = Release|Any CPU
		{3F58AE90-9682-4ABF-894B-88B90C7A0343}.Release|x86.Build.0 = Release|Any CPU
		{58B33B9B-842C-4AB1-AE8A-D717E9D31156}.Debug|Any CPU.ActiveCfg = Debug|Any CPU
		{58B33B9B-842C-4AB1-AE8A-D717E9D31156}.Debug|Any CPU.Build.0 = Debug|Any CPU
		{58B33B9B-842C-4AB1-AE8A-D717E9D31156}.Debug|x64.ActiveCfg = Debug|Any CPU
		{58B33B9B-842C-4AB1-AE8A-D717E9D31156}.Debug|x64.Build.0 = Debug|Any CPU
		{58B33B9B-842C-4AB1-AE8A-D717E9D31156}.Debug|x86.ActiveCfg = Debug|Any CPU
		{58B33B9B-842C-4AB1-AE8A-D717E9D31156}.Debug|x86.Build.0 = Debug|Any CPU
		{58B33B9B-842C-4AB1-AE8A-D717E9D31156}.Release|Any CPU.ActiveCfg = Release|Any CPU
		{58B33B9B-842C-4AB1-AE8A-D717E9D31156}.Release|Any CPU.Build.0 = Release|Any CPU
		{58B33B9B-842C-4AB1-AE8A-D717E9D31156}.Release|x64.ActiveCfg = Release|Any CPU
		{58B33B9B-842C-4AB1-AE8A-D717E9D31156}.Release|x64.Build.0 = Release|Any CPU
		{58B33B9B-842C-4AB1-AE8A-D717E9D31156}.Release|x86.ActiveCfg = Release|Any CPU
		{58B33B9B-842C-4AB1-AE8A-D717E9D31156}.Release|x86.Build.0 = Release|Any CPU
	EndGlobalSection
	GlobalSection(SolutionProperties) = preSolution
		HideSolutionNode = FALSE
	EndGlobalSection
	GlobalSection(NestedProjects) = preSolution
		{3A43DA2A-8FB6-4F12-A283-85CCDEACCDCE} = {827E0CD3-B72D-47B6-A68D-7590B98EB39B}
		{FCB6E45F-39AE-4F6C-8CD8-2B71A3F4DED0} = {827E0CD3-B72D-47B6-A68D-7590B98EB39B}
		{7DAE27F6-85A3-4FF9-905B-35866FD1A2E3} = {827E0CD3-B72D-47B6-A68D-7590B98EB39B}
		{250EC3E3-022F-4F35-82FC-DB50BF921A5A} = {827E0CD3-B72D-47B6-A68D-7590B98EB39B}
		{F1EDCD00-8AF7-4692-97A9-8741F20B8154} = {0AB3BF05-4346-4AA6-1389-037BE0695223}
		{3F58AE90-9682-4ABF-894B-88B90C7A0343} = {0AB3BF05-4346-4AA6-1389-037BE0695223}
		{58B33B9B-842C-4AB1-AE8A-D717E9D31156} = {0AB3BF05-4346-4AA6-1389-037BE0695223}
	EndGlobalSection
EndGlobal
